// !$*UTF8*$!
{
	archiveVersion = 1;
	classes = {
	};
	objectVersion = 55;
	objects = {

/* Begin PBXBuildFile section */
		BF8B690F27C4D63F0015B632 /* Recette.swift in Sources */ = {isa = PBXBuildFile; fileRef = BF8B690E27C4D63F0015B632 /* Recette.swift */; };
		BF8B691527C4D69B0015B632 /* RecetteVM.swift in Sources */ = {isa = PBXBuildFile; fileRef = BF8B691427C4D69B0015B632 /* RecetteVM.swift */; };
		BF8B691727C4D6AC0015B632 /* RecetteListVM.swift in Sources */ = {isa = PBXBuildFile; fileRef = BF8B691627C4D6AC0015B632 /* RecetteListVM.swift */; };
		BF8B691927C4D6BF0015B632 /* IntentRecette.swift in Sources */ = {isa = PBXBuildFile; fileRef = BF8B691827C4D6BF0015B632 /* IntentRecette.swift */; };
		BF8B691C27C4D6E80015B632 /* RecetteDetailView.swift in Sources */ = {isa = PBXBuildFile; fileRef = BF8B691B27C4D6E80015B632 /* RecetteDetailView.swift */; };
		BF8B693227C523320015B632 /* extension.swift in Sources */ = {isa = PBXBuildFile; fileRef = BF8B693127C523320015B632 /* extension.swift */; };
		BF8B693B27C533F60015B632 /* AllergeneDAO.swift in Sources */ = {isa = PBXBuildFile; fileRef = BF8B693A27C533F60015B632 /* AllergeneDAO.swift */; };
		BF8B693D27C534060015B632 /* AllergeneDTO.swift in Sources */ = {isa = PBXBuildFile; fileRef = BF8B693C27C534060015B632 /* AllergeneDTO.swift */; };
		BF8B693F27C537760015B632 /* JSONHelper.swift in Sources */ = {isa = PBXBuildFile; fileRef = BF8B693E27C537760015B632 /* JSONHelper.swift */; };
		BFB78ECB27C0FA4200B33479 /* Tests_iOS.swift in Sources */ = {isa = PBXBuildFile; fileRef = BFB78ECA27C0FA4200B33479 /* Tests_iOS.swift */; };
		BFB78ECD27C0FA4200B33479 /* Tests_iOSLaunchTests.swift in Sources */ = {isa = PBXBuildFile; fileRef = BFB78ECC27C0FA4200B33479 /* Tests_iOSLaunchTests.swift */; };
		BFB78ED727C0FA4200B33479 /* Tests_macOS.swift in Sources */ = {isa = PBXBuildFile; fileRef = BFB78ED627C0FA4200B33479 /* Tests_macOS.swift */; };
		BFB78ED927C0FA4200B33479 /* Tests_macOSLaunchTests.swift in Sources */ = {isa = PBXBuildFile; fileRef = BFB78ED827C0FA4200B33479 /* Tests_macOSLaunchTests.swift */; };
		BFB78EDA27C0FA4200B33479 /* RestaurangularApp.swift in Sources */ = {isa = PBXBuildFile; fileRef = BFB78EB227C0FA4000B33479 /* RestaurangularApp.swift */; };
		BFB78EDB27C0FA4200B33479 /* RestaurangularApp.swift in Sources */ = {isa = PBXBuildFile; fileRef = BFB78EB227C0FA4000B33479 /* RestaurangularApp.swift */; };
		BFB78EDC27C0FA4200B33479 /* ContentView.swift in Sources */ = {isa = PBXBuildFile; fileRef = BFB78EB327C0FA4000B33479 /* ContentView.swift */; };
		BFB78EDD27C0FA4200B33479 /* ContentView.swift in Sources */ = {isa = PBXBuildFile; fileRef = BFB78EB327C0FA4000B33479 /* ContentView.swift */; };
		BFB78EDE27C0FA4300B33479 /* Assets.xcassets in Resources */ = {isa = PBXBuildFile; fileRef = BFB78EB427C0FA4200B33479 /* Assets.xcassets */; };
		BFB78EDF27C0FA4300B33479 /* Assets.xcassets in Resources */ = {isa = PBXBuildFile; fileRef = BFB78EB427C0FA4200B33479 /* Assets.xcassets */; };
		BFB78EF327C0FC2800B33479 /* AllergeneVM.swift in Sources */ = {isa = PBXBuildFile; fileRef = BFB78EF227C0FC2800B33479 /* AllergeneVM.swift */; };
		BFB78EF527C0FC6D00B33479 /* Allergene.swift in Sources */ = {isa = PBXBuildFile; fileRef = BFB78EF427C0FC6D00B33479 /* Allergene.swift */; };
		BFB78EF827C0FE9F00B33479 /* IntentAllergene.swift in Sources */ = {isa = PBXBuildFile; fileRef = BFB78EF727C0FE9F00B33479 /* IntentAllergene.swift */; };
		BFB78EFD27C102C700B33479 /* AllergeneDetailView.swift in Sources */ = {isa = PBXBuildFile; fileRef = BFB78EFC27C102C700B33479 /* AllergeneDetailView.swift */; };
		BFB78F0027C1047000B33479 /* AllergeneListVM.swift in Sources */ = {isa = PBXBuildFile; fileRef = BFB78EFF27C1047000B33479 /* AllergeneListVM.swift */; };
		BFB78F0227C168FC00B33479 /* CatIngr.swift in Sources */ = {isa = PBXBuildFile; fileRef = BFB78F0127C168FC00B33479 /* CatIngr.swift */; };
		BFB78F0527C16A1700B33479 /* CatIngrVM.swift in Sources */ = {isa = PBXBuildFile; fileRef = BFB78F0427C16A1700B33479 /* CatIngrVM.swift */; };
		BFB78F0727C16A3400B33479 /* CatIngrListVM.swift in Sources */ = {isa = PBXBuildFile; fileRef = BFB78F0627C16A3400B33479 /* CatIngrListVM.swift */; };
		BFB78F0927C16A4A00B33479 /* IntentCatIngr.swift in Sources */ = {isa = PBXBuildFile; fileRef = BFB78F0827C16A4A00B33479 /* IntentCatIngr.swift */; };
		BFB78F0C27C19DCE00B33479 /* CatIngrDetailView.swift in Sources */ = {isa = PBXBuildFile; fileRef = BFB78F0B27C19DCE00B33479 /* CatIngrDetailView.swift */; };
		BFB78F0E27C1A42D00B33479 /* Ingredient.swift in Sources */ = {isa = PBXBuildFile; fileRef = BFB78F0D27C1A42D00B33479 /* Ingredient.swift */; };
		BFB78F1127C1A45800B33479 /* IngredientVM.swift in Sources */ = {isa = PBXBuildFile; fileRef = BFB78F1027C1A45800B33479 /* IngredientVM.swift */; };
		BFB78F1327C1A46900B33479 /* IngredientListVM.swift in Sources */ = {isa = PBXBuildFile; fileRef = BFB78F1227C1A46900B33479 /* IngredientListVM.swift */; };
		BFB78F1527C1A47F00B33479 /* IntentIngredient.swift in Sources */ = {isa = PBXBuildFile; fileRef = BFB78F1427C1A47F00B33479 /* IntentIngredient.swift */; };
		BFB78F1827C1A4BC00B33479 /* IngredientDetailView.swift in Sources */ = {isa = PBXBuildFile; fileRef = BFB78F1727C1A4BC00B33479 /* IngredientDetailView.swift */; };
		BFBE403227C2EBB2007AD5CF /* Etape.swift in Sources */ = {isa = PBXBuildFile; fileRef = BFBE403127C2EBB2007AD5CF /* Etape.swift */; };
		BFBE403527C2EBCB007AD5CF /* EtapeVM.swift in Sources */ = {isa = PBXBuildFile; fileRef = BFBE403427C2EBCB007AD5CF /* EtapeVM.swift */; };
		BFBE403727C2EBD9007AD5CF /* EtapeListVM.swift in Sources */ = {isa = PBXBuildFile; fileRef = BFBE403627C2EBD9007AD5CF /* EtapeListVM.swift */; };
		BFBE403927C2EBEC007AD5CF /* IntentEtape.swift in Sources */ = {isa = PBXBuildFile; fileRef = BFBE403827C2EBEC007AD5CF /* IntentEtape.swift */; };
		BFBE403E27C2EC23007AD5CF /* EtapeDetailView.swift in Sources */ = {isa = PBXBuildFile; fileRef = BFBE403D27C2EC23007AD5CF /* EtapeDetailView.swift */; };
/* End PBXBuildFile section */

/* Begin PBXContainerItemProxy section */
		BFB78EC727C0FA4200B33479 /* PBXContainerItemProxy */ = {
			isa = PBXContainerItemProxy;
			containerPortal = BFB78EAD27C0FA3F00B33479 /* Project object */;
			proxyType = 1;
			remoteGlobalIDString = BFB78EB827C0FA4200B33479;
			remoteInfo = "Restaurangular (iOS)";
		};
		BFB78ED327C0FA4200B33479 /* PBXContainerItemProxy */ = {
			isa = PBXContainerItemProxy;
			containerPortal = BFB78EAD27C0FA3F00B33479 /* Project object */;
			proxyType = 1;
			remoteGlobalIDString = BFB78EBE27C0FA4200B33479;
			remoteInfo = "Restaurangular (macOS)";
		};
/* End PBXContainerItemProxy section */

/* Begin PBXFileReference section */
		BF8B690E27C4D63F0015B632 /* Recette.swift */ = {isa = PBXFileReference; lastKnownFileType = sourcecode.swift; path = Recette.swift; sourceTree = "<group>"; };
		BF8B691427C4D69B0015B632 /* RecetteVM.swift */ = {isa = PBXFileReference; lastKnownFileType = sourcecode.swift; path = RecetteVM.swift; sourceTree = "<group>"; };
		BF8B691627C4D6AC0015B632 /* RecetteListVM.swift */ = {isa = PBXFileReference; lastKnownFileType = sourcecode.swift; path = RecetteListVM.swift; sourceTree = "<group>"; };
		BF8B691827C4D6BF0015B632 /* IntentRecette.swift */ = {isa = PBXFileReference; lastKnownFileType = sourcecode.swift; path = IntentRecette.swift; sourceTree = "<group>"; };
		BF8B691B27C4D6E80015B632 /* RecetteDetailView.swift */ = {isa = PBXFileReference; lastKnownFileType = sourcecode.swift; path = RecetteDetailView.swift; sourceTree = "<group>"; };
		BF8B693127C523320015B632 /* extension.swift */ = {isa = PBXFileReference; lastKnownFileType = sourcecode.swift; path = extension.swift; sourceTree = "<group>"; };
		BF8B693A27C533F60015B632 /* AllergeneDAO.swift */ = {isa = PBXFileReference; lastKnownFileType = sourcecode.swift; path = AllergeneDAO.swift; sourceTree = "<group>"; };
		BF8B693C27C534060015B632 /* AllergeneDTO.swift */ = {isa = PBXFileReference; lastKnownFileType = sourcecode.swift; path = AllergeneDTO.swift; sourceTree = "<group>"; };
		BF8B693E27C537760015B632 /* JSONHelper.swift */ = {isa = PBXFileReference; lastKnownFileType = sourcecode.swift; path = JSONHelper.swift; sourceTree = "<group>"; };
		BFB78EB227C0FA4000B33479 /* RestaurangularApp.swift */ = {isa = PBXFileReference; lastKnownFileType = sourcecode.swift; path = RestaurangularApp.swift; sourceTree = "<group>"; };
		BFB78EB327C0FA4000B33479 /* ContentView.swift */ = {isa = PBXFileReference; lastKnownFileType = sourcecode.swift; path = ContentView.swift; sourceTree = "<group>"; };
		BFB78EB427C0FA4200B33479 /* Assets.xcassets */ = {isa = PBXFileReference; lastKnownFileType = folder.assetcatalog; path = Assets.xcassets; sourceTree = "<group>"; };
		BFB78EB927C0FA4200B33479 /* Restaurangular.app */ = {isa = PBXFileReference; explicitFileType = wrapper.application; includeInIndex = 0; path = Restaurangular.app; sourceTree = BUILT_PRODUCTS_DIR; };
		BFB78EBF27C0FA4200B33479 /* Restaurangular.app */ = {isa = PBXFileReference; explicitFileType = wrapper.application; includeInIndex = 0; path = Restaurangular.app; sourceTree = BUILT_PRODUCTS_DIR; };
		BFB78EC127C0FA4200B33479 /* macOS.entitlements */ = {isa = PBXFileReference; lastKnownFileType = text.plist.entitlements; path = macOS.entitlements; sourceTree = "<group>"; };
		BFB78EC627C0FA4200B33479 /* Tests iOS.xctest */ = {isa = PBXFileReference; explicitFileType = wrapper.cfbundle; includeInIndex = 0; path = "Tests iOS.xctest"; sourceTree = BUILT_PRODUCTS_DIR; };
		BFB78ECA27C0FA4200B33479 /* Tests_iOS.swift */ = {isa = PBXFileReference; lastKnownFileType = sourcecode.swift; path = Tests_iOS.swift; sourceTree = "<group>"; };
		BFB78ECC27C0FA4200B33479 /* Tests_iOSLaunchTests.swift */ = {isa = PBXFileReference; lastKnownFileType = sourcecode.swift; path = Tests_iOSLaunchTests.swift; sourceTree = "<group>"; };
		BFB78ED227C0FA4200B33479 /* Tests macOS.xctest */ = {isa = PBXFileReference; explicitFileType = wrapper.cfbundle; includeInIndex = 0; path = "Tests macOS.xctest"; sourceTree = BUILT_PRODUCTS_DIR; };
		BFB78ED627C0FA4200B33479 /* Tests_macOS.swift */ = {isa = PBXFileReference; lastKnownFileType = sourcecode.swift; path = Tests_macOS.swift; sourceTree = "<group>"; };
		BFB78ED827C0FA4200B33479 /* Tests_macOSLaunchTests.swift */ = {isa = PBXFileReference; lastKnownFileType = sourcecode.swift; path = Tests_macOSLaunchTests.swift; sourceTree = "<group>"; };
		BFB78EF227C0FC2800B33479 /* AllergeneVM.swift */ = {isa = PBXFileReference; lastKnownFileType = sourcecode.swift; path = AllergeneVM.swift; sourceTree = "<group>"; };
		BFB78EF427C0FC6D00B33479 /* Allergene.swift */ = {isa = PBXFileReference; lastKnownFileType = sourcecode.swift; path = Allergene.swift; sourceTree = "<group>"; };
		BFB78EF727C0FE9F00B33479 /* IntentAllergene.swift */ = {isa = PBXFileReference; lastKnownFileType = sourcecode.swift; path = IntentAllergene.swift; sourceTree = "<group>"; };
		BFB78EFC27C102C700B33479 /* AllergeneDetailView.swift */ = {isa = PBXFileReference; lastKnownFileType = sourcecode.swift; path = AllergeneDetailView.swift; sourceTree = "<group>"; };
		BFB78EFF27C1047000B33479 /* AllergeneListVM.swift */ = {isa = PBXFileReference; lastKnownFileType = sourcecode.swift; path = AllergeneListVM.swift; sourceTree = "<group>"; };
		BFB78F0127C168FC00B33479 /* CatIngr.swift */ = {isa = PBXFileReference; lastKnownFileType = sourcecode.swift; path = CatIngr.swift; sourceTree = "<group>"; };
		BFB78F0427C16A1700B33479 /* CatIngrVM.swift */ = {isa = PBXFileReference; lastKnownFileType = sourcecode.swift; path = CatIngrVM.swift; sourceTree = "<group>"; };
		BFB78F0627C16A3400B33479 /* CatIngrListVM.swift */ = {isa = PBXFileReference; lastKnownFileType = sourcecode.swift; path = CatIngrListVM.swift; sourceTree = "<group>"; };
		BFB78F0827C16A4A00B33479 /* IntentCatIngr.swift */ = {isa = PBXFileReference; lastKnownFileType = sourcecode.swift; path = IntentCatIngr.swift; sourceTree = "<group>"; };
		BFB78F0B27C19DCE00B33479 /* CatIngrDetailView.swift */ = {isa = PBXFileReference; lastKnownFileType = sourcecode.swift; path = CatIngrDetailView.swift; sourceTree = "<group>"; };
		BFB78F0D27C1A42D00B33479 /* Ingredient.swift */ = {isa = PBXFileReference; lastKnownFileType = sourcecode.swift; path = Ingredient.swift; sourceTree = "<group>"; };
		BFB78F1027C1A45800B33479 /* IngredientVM.swift */ = {isa = PBXFileReference; lastKnownFileType = sourcecode.swift; path = IngredientVM.swift; sourceTree = "<group>"; };
		BFB78F1227C1A46900B33479 /* IngredientListVM.swift */ = {isa = PBXFileReference; lastKnownFileType = sourcecode.swift; path = IngredientListVM.swift; sourceTree = "<group>"; };
		BFB78F1427C1A47F00B33479 /* IntentIngredient.swift */ = {isa = PBXFileReference; lastKnownFileType = sourcecode.swift; path = IntentIngredient.swift; sourceTree = "<group>"; };
		BFB78F1727C1A4BC00B33479 /* IngredientDetailView.swift */ = {isa = PBXFileReference; lastKnownFileType = sourcecode.swift; path = IngredientDetailView.swift; sourceTree = "<group>"; };
		BFBE403127C2EBB2007AD5CF /* Etape.swift */ = {isa = PBXFileReference; lastKnownFileType = sourcecode.swift; path = Etape.swift; sourceTree = "<group>"; };
		BFBE403427C2EBCB007AD5CF /* EtapeVM.swift */ = {isa = PBXFileReference; lastKnownFileType = sourcecode.swift; path = EtapeVM.swift; sourceTree = "<group>"; };
		BFBE403627C2EBD9007AD5CF /* EtapeListVM.swift */ = {isa = PBXFileReference; lastKnownFileType = sourcecode.swift; path = EtapeListVM.swift; sourceTree = "<group>"; };
		BFBE403827C2EBEC007AD5CF /* IntentEtape.swift */ = {isa = PBXFileReference; lastKnownFileType = sourcecode.swift; path = IntentEtape.swift; sourceTree = "<group>"; };
		BFBE403D27C2EC23007AD5CF /* EtapeDetailView.swift */ = {isa = PBXFileReference; lastKnownFileType = sourcecode.swift; path = EtapeDetailView.swift; sourceTree = "<group>"; };
/* End PBXFileReference section */

/* Begin PBXFrameworksBuildPhase section */
		BFB78EB627C0FA4200B33479 /* Frameworks */ = {
			isa = PBXFrameworksBuildPhase;
			buildActionMask = 2147483647;
			files = (
			);
			runOnlyForDeploymentPostprocessing = 0;
		};
		BFB78EBC27C0FA4200B33479 /* Frameworks */ = {
			isa = PBXFrameworksBuildPhase;
			buildActionMask = 2147483647;
			files = (
			);
			runOnlyForDeploymentPostprocessing = 0;
		};
		BFB78EC327C0FA4200B33479 /* Frameworks */ = {
			isa = PBXFrameworksBuildPhase;
			buildActionMask = 2147483647;
			files = (
			);
			runOnlyForDeploymentPostprocessing = 0;
		};
		BFB78ECF27C0FA4200B33479 /* Frameworks */ = {
			isa = PBXFrameworksBuildPhase;
			buildActionMask = 2147483647;
			files = (
			);
			runOnlyForDeploymentPostprocessing = 0;
		};
/* End PBXFrameworksBuildPhase section */

/* Begin PBXGroup section */
		BF8B691127C4D6740015B632 /* Recette */ = {
			isa = PBXGroup;
			children = (
				BF8B691427C4D69B0015B632 /* RecetteVM.swift */,
				BF8B691627C4D6AC0015B632 /* RecetteListVM.swift */,
			);
			path = Recette;
			sourceTree = "<group>";
		};
		BF8B691A27C4D6D40015B632 /* Recette */ = {
			isa = PBXGroup;
			children = (
				BF8B691B27C4D6E80015B632 /* RecetteDetailView.swift */,
			);
			path = Recette;
			sourceTree = "<group>";
		};
		BF8B693327C524A90015B632 /* DAO */ = {
			isa = PBXGroup;
			children = (
				BF8B693A27C533F60015B632 /* AllergeneDAO.swift */,
			);
			path = DAO;
			sourceTree = "<group>";
		};
		BF8B693427C524BE0015B632 /* DTO */ = {
			isa = PBXGroup;
			children = (
				BF8B693C27C534060015B632 /* AllergeneDTO.swift */,
			);
			path = DTO;
			sourceTree = "<group>";
		};
		BF8B693527C524C60015B632 /* Helpers */ = {
			isa = PBXGroup;
			children = (
				BF8B693E27C537760015B632 /* JSONHelper.swift */,
			);
			path = Helpers;
			sourceTree = "<group>";
		};
		BFB78EAC27C0FA3F00B33479 = {
			isa = PBXGroup;
			children = (
				BFB78EB127C0FA4000B33479 /* Shared */,
				BFB78EC027C0FA4200B33479 /* macOS */,
				BFB78EC927C0FA4200B33479 /* Tests iOS */,
				BFB78ED527C0FA4200B33479 /* Tests macOS */,
				BFB78EBA27C0FA4200B33479 /* Products */,
			);
			sourceTree = "<group>";
		};
		BFB78EB127C0FA4000B33479 /* Shared */ = {
			isa = PBXGroup;
			children = (
				BF8B693527C524C60015B632 /* Helpers */,
				BF8B693427C524BE0015B632 /* DTO */,
				BF8B693327C524A90015B632 /* DAO */,
				BFB78EF927C1027100B33479 /* Views */,
				BFB78EF627C0FE8D00B33479 /* Intents */,
				BFB78EF127C0FC0800B33479 /* ViewModel */,
				BFB78EEE27C0FA6700B33479 /* models */,
				BFB78EB227C0FA4000B33479 /* RestaurangularApp.swift */,
				BFB78EB327C0FA4000B33479 /* ContentView.swift */,
				BFB78EB427C0FA4200B33479 /* Assets.xcassets */,
				BF8B693127C523320015B632 /* extension.swift */,
			);
			path = Shared;
			sourceTree = "<group>";
		};
		BFB78EBA27C0FA4200B33479 /* Products */ = {
			isa = PBXGroup;
			children = (
				BFB78EB927C0FA4200B33479 /* Restaurangular.app */,
				BFB78EBF27C0FA4200B33479 /* Restaurangular.app */,
				BFB78EC627C0FA4200B33479 /* Tests iOS.xctest */,
				BFB78ED227C0FA4200B33479 /* Tests macOS.xctest */,
			);
			name = Products;
			sourceTree = "<group>";
		};
		BFB78EC027C0FA4200B33479 /* macOS */ = {
			isa = PBXGroup;
			children = (
				BFB78EC127C0FA4200B33479 /* macOS.entitlements */,
			);
			path = macOS;
			sourceTree = "<group>";
		};
		BFB78EC927C0FA4200B33479 /* Tests iOS */ = {
			isa = PBXGroup;
			children = (
				BFB78ECA27C0FA4200B33479 /* Tests_iOS.swift */,
				BFB78ECC27C0FA4200B33479 /* Tests_iOSLaunchTests.swift */,
			);
			path = "Tests iOS";
			sourceTree = "<group>";
		};
		BFB78ED527C0FA4200B33479 /* Tests macOS */ = {
			isa = PBXGroup;
			children = (
				BFB78ED627C0FA4200B33479 /* Tests_macOS.swift */,
				BFB78ED827C0FA4200B33479 /* Tests_macOSLaunchTests.swift */,
			);
			path = "Tests macOS";
			sourceTree = "<group>";
		};
		BFB78EEE27C0FA6700B33479 /* models */ = {
			isa = PBXGroup;
			children = (
				BFB78EF427C0FC6D00B33479 /* Allergene.swift */,
				BFB78F0127C168FC00B33479 /* CatIngr.swift */,
				BFB78F0D27C1A42D00B33479 /* Ingredient.swift */,
				BFBE403127C2EBB2007AD5CF /* Etape.swift */,
				BF8B690E27C4D63F0015B632 /* Recette.swift */,
			);
			path = models;
			sourceTree = "<group>";
		};
		BFB78EF127C0FC0800B33479 /* ViewModel */ = {
			isa = PBXGroup;
			children = (
				BF8B691127C4D6740015B632 /* Recette */,
				BFBE403327C2EBBB007AD5CF /* Etape */,
				BFB78F0F27C1A43600B33479 /* Ingredient */,
				BFB78F0327C169FF00B33479 /* CatIngr */,
				BFB78EFE27C1045300B33479 /* Allergene */,
			);
			path = ViewModel;
			sourceTree = "<group>";
		};
		BFB78EF627C0FE8D00B33479 /* Intents */ = {
			isa = PBXGroup;
			children = (
				BFB78EF727C0FE9F00B33479 /* IntentAllergene.swift */,
				BFB78F0827C16A4A00B33479 /* IntentCatIngr.swift */,
				BFB78F1427C1A47F00B33479 /* IntentIngredient.swift */,
				BFBE403827C2EBEC007AD5CF /* IntentEtape.swift */,
				BF8B691827C4D6BF0015B632 /* IntentRecette.swift */,
			);
			path = Intents;
			sourceTree = "<group>";
		};
		BFB78EF927C1027100B33479 /* Views */ = {
			isa = PBXGroup;
			children = (
				BF8B691A27C4D6D40015B632 /* Recette */,
				BFBE403C27C2EC0B007AD5CF /* Etape */,
				BFB78F1627C1A4A700B33479 /* Ingredient */,
				BFB78F0A27C16AA500B33479 /* CatIngr */,
				BFB78EFB27C1029E00B33479 /* Allergene */,
			);
			path = Views;
			sourceTree = "<group>";
		};
		BFB78EFB27C1029E00B33479 /* Allergene */ = {
			isa = PBXGroup;
			children = (
				BFB78EFC27C102C700B33479 /* AllergeneDetailView.swift */,
			);
			path = Allergene;
			sourceTree = "<group>";
		};
		BFB78EFE27C1045300B33479 /* Allergene */ = {
			isa = PBXGroup;
			children = (
				BFB78EF227C0FC2800B33479 /* AllergeneVM.swift */,
				BFB78EFF27C1047000B33479 /* AllergeneListVM.swift */,
			);
			path = Allergene;
			sourceTree = "<group>";
		};
		BFB78F0327C169FF00B33479 /* CatIngr */ = {
			isa = PBXGroup;
			children = (
				BFB78F0427C16A1700B33479 /* CatIngrVM.swift */,
				BFB78F0627C16A3400B33479 /* CatIngrListVM.swift */,
			);
			path = CatIngr;
			sourceTree = "<group>";
		};
		BFB78F0A27C16AA500B33479 /* CatIngr */ = {
			isa = PBXGroup;
			children = (
				BFB78F0B27C19DCE00B33479 /* CatIngrDetailView.swift */,
			);
			path = CatIngr;
			sourceTree = "<group>";
		};
		BFB78F0F27C1A43600B33479 /* Ingredient */ = {
			isa = PBXGroup;
			children = (
				BFB78F1027C1A45800B33479 /* IngredientVM.swift */,
				BFB78F1227C1A46900B33479 /* IngredientListVM.swift */,
			);
			path = Ingredient;
			sourceTree = "<group>";
		};
		BFB78F1627C1A4A700B33479 /* Ingredient */ = {
			isa = PBXGroup;
			children = (
				BFB78F1727C1A4BC00B33479 /* IngredientDetailView.swift */,
			);
			path = Ingredient;
			sourceTree = "<group>";
		};
		BFBE403327C2EBBB007AD5CF /* Etape */ = {
			isa = PBXGroup;
			children = (
				BFBE403427C2EBCB007AD5CF /* EtapeVM.swift */,
				BFBE403627C2EBD9007AD5CF /* EtapeListVM.swift */,
			);
			path = Etape;
			sourceTree = "<group>";
		};
		BFBE403C27C2EC0B007AD5CF /* Etape */ = {
			isa = PBXGroup;
			children = (
				BFBE403D27C2EC23007AD5CF /* EtapeDetailView.swift */,
			);
			path = Etape;
			sourceTree = "<group>";
		};
/* End PBXGroup section */

/* Begin PBXNativeTarget section */
		BFB78EB827C0FA4200B33479 /* Restaurangular (iOS) */ = {
			isa = PBXNativeTarget;
			buildConfigurationList = BFB78EE227C0FA4300B33479 /* Build configuration list for PBXNativeTarget "Restaurangular (iOS)" */;
			buildPhases = (
				BFB78EB527C0FA4200B33479 /* Sources */,
				BFB78EB627C0FA4200B33479 /* Frameworks */,
				BFB78EB727C0FA4200B33479 /* Resources */,
			);
			buildRules = (
			);
			dependencies = (
			);
			name = "Restaurangular (iOS)";
			productName = "Restaurangular (iOS)";
			productReference = BFB78EB927C0FA4200B33479 /* Restaurangular.app */;
			productType = "com.apple.product-type.application";
		};
		BFB78EBE27C0FA4200B33479 /* Restaurangular (macOS) */ = {
			isa = PBXNativeTarget;
			buildConfigurationList = BFB78EE527C0FA4300B33479 /* Build configuration list for PBXNativeTarget "Restaurangular (macOS)" */;
			buildPhases = (
				BFB78EBB27C0FA4200B33479 /* Sources */,
				BFB78EBC27C0FA4200B33479 /* Frameworks */,
				BFB78EBD27C0FA4200B33479 /* Resources */,
			);
			buildRules = (
			);
			dependencies = (
			);
			name = "Restaurangular (macOS)";
			productName = "Restaurangular (macOS)";
			productReference = BFB78EBF27C0FA4200B33479 /* Restaurangular.app */;
			productType = "com.apple.product-type.application";
		};
		BFB78EC527C0FA4200B33479 /* Tests iOS */ = {
			isa = PBXNativeTarget;
			buildConfigurationList = BFB78EE827C0FA4300B33479 /* Build configuration list for PBXNativeTarget "Tests iOS" */;
			buildPhases = (
				BFB78EC227C0FA4200B33479 /* Sources */,
				BFB78EC327C0FA4200B33479 /* Frameworks */,
				BFB78EC427C0FA4200B33479 /* Resources */,
			);
			buildRules = (
			);
			dependencies = (
				BFB78EC827C0FA4200B33479 /* PBXTargetDependency */,
			);
			name = "Tests iOS";
			productName = "Tests iOS";
			productReference = BFB78EC627C0FA4200B33479 /* Tests iOS.xctest */;
			productType = "com.apple.product-type.bundle.ui-testing";
		};
		BFB78ED127C0FA4200B33479 /* Tests macOS */ = {
			isa = PBXNativeTarget;
			buildConfigurationList = BFB78EEB27C0FA4300B33479 /* Build configuration list for PBXNativeTarget "Tests macOS" */;
			buildPhases = (
				BFB78ECE27C0FA4200B33479 /* Sources */,
				BFB78ECF27C0FA4200B33479 /* Frameworks */,
				BFB78ED027C0FA4200B33479 /* Resources */,
			);
			buildRules = (
			);
			dependencies = (
				BFB78ED427C0FA4200B33479 /* PBXTargetDependency */,
			);
			name = "Tests macOS";
			productName = "Tests macOS";
			productReference = BFB78ED227C0FA4200B33479 /* Tests macOS.xctest */;
			productType = "com.apple.product-type.bundle.ui-testing";
		};
/* End PBXNativeTarget section */

/* Begin PBXProject section */
		BFB78EAD27C0FA3F00B33479 /* Project object */ = {
			isa = PBXProject;
			attributes = {
				BuildIndependentTargetsInParallel = 1;
				LastSwiftUpdateCheck = 1320;
				LastUpgradeCheck = 1320;
				TargetAttributes = {
					BFB78EB827C0FA4200B33479 = {
						CreatedOnToolsVersion = 13.2.1;
					};
					BFB78EBE27C0FA4200B33479 = {
						CreatedOnToolsVersion = 13.2.1;
					};
					BFB78EC527C0FA4200B33479 = {
						CreatedOnToolsVersion = 13.2.1;
						TestTargetID = BFB78EB827C0FA4200B33479;
					};
					BFB78ED127C0FA4200B33479 = {
						CreatedOnToolsVersion = 13.2.1;
						TestTargetID = BFB78EBE27C0FA4200B33479;
					};
				};
			};
			buildConfigurationList = BFB78EB027C0FA3F00B33479 /* Build configuration list for PBXProject "Restaurangular" */;
			compatibilityVersion = "Xcode 13.0";
			developmentRegion = en;
			hasScannedForEncodings = 0;
			knownRegions = (
				en,
				Base,
			);
			mainGroup = BFB78EAC27C0FA3F00B33479;
			productRefGroup = BFB78EBA27C0FA4200B33479 /* Products */;
			projectDirPath = "";
			projectRoot = "";
			targets = (
				BFB78EB827C0FA4200B33479 /* Restaurangular (iOS) */,
				BFB78EBE27C0FA4200B33479 /* Restaurangular (macOS) */,
				BFB78EC527C0FA4200B33479 /* Tests iOS */,
				BFB78ED127C0FA4200B33479 /* Tests macOS */,
			);
		};
/* End PBXProject section */

/* Begin PBXResourcesBuildPhase section */
		BFB78EB727C0FA4200B33479 /* Resources */ = {
			isa = PBXResourcesBuildPhase;
			buildActionMask = 2147483647;
			files = (
				BFB78EDE27C0FA4300B33479 /* Assets.xcassets in Resources */,
			);
			runOnlyForDeploymentPostprocessing = 0;
		};
		BFB78EBD27C0FA4200B33479 /* Resources */ = {
			isa = PBXResourcesBuildPhase;
			buildActionMask = 2147483647;
			files = (
				BFB78EDF27C0FA4300B33479 /* Assets.xcassets in Resources */,
			);
			runOnlyForDeploymentPostprocessing = 0;
		};
		BFB78EC427C0FA4200B33479 /* Resources */ = {
			isa = PBXResourcesBuildPhase;
			buildActionMask = 2147483647;
			files = (
			);
			runOnlyForDeploymentPostprocessing = 0;
		};
		BFB78ED027C0FA4200B33479 /* Resources */ = {
			isa = PBXResourcesBuildPhase;
			buildActionMask = 2147483647;
			files = (
			);
			runOnlyForDeploymentPostprocessing = 0;
		};
/* End PBXResourcesBuildPhase section */

/* Begin PBXSourcesBuildPhase section */
		BFB78EB527C0FA4200B33479 /* Sources */ = {
			isa = PBXSourcesBuildPhase;
			buildActionMask = 2147483647;
			files = (
				BF8B691927C4D6BF0015B632 /* IntentRecette.swift in Sources */,
				BFB78F0C27C19DCE00B33479 /* CatIngrDetailView.swift in Sources */,
				BFB78F0E27C1A42D00B33479 /* Ingredient.swift in Sources */,
				BFBE403727C2EBD9007AD5CF /* EtapeListVM.swift in Sources */,
				BFBE403E27C2EC23007AD5CF /* EtapeDetailView.swift in Sources */,
				BF8B693F27C537760015B632 /* JSONHelper.swift in Sources */,
				BFB78F0227C168FC00B33479 /* CatIngr.swift in Sources */,
				BF8B693B27C533F60015B632 /* AllergeneDAO.swift in Sources */,
				BFB78F1127C1A45800B33479 /* IngredientVM.swift in Sources */,
				BFB78F1327C1A46900B33479 /* IngredientListVM.swift in Sources */,
				BFB78EDC27C0FA4200B33479 /* ContentView.swift in Sources */,
				BF8B693D27C534060015B632 /* AllergeneDTO.swift in Sources */,
				BFB78EF527C0FC6D00B33479 /* Allergene.swift in Sources */,
				BF8B691527C4D69B0015B632 /* RecetteVM.swift in Sources */,
				BFBE403527C2EBCB007AD5CF /* EtapeVM.swift in Sources */,
				BF8B691C27C4D6E80015B632 /* RecetteDetailView.swift in Sources */,
				BFBE403227C2EBB2007AD5CF /* Etape.swift in Sources */,
				BF8B691727C4D6AC0015B632 /* RecetteListVM.swift in Sources */,
				BF8B693227C523320015B632 /* extension.swift in Sources */,
				BFB78F0727C16A3400B33479 /* CatIngrListVM.swift in Sources */,
				BFBE403927C2EBEC007AD5CF /* IntentEtape.swift in Sources */,
				BFB78EF327C0FC2800B33479 /* AllergeneVM.swift in Sources */,
				BFB78EFD27C102C700B33479 /* AllergeneDetailView.swift in Sources */,
				BFB78F1827C1A4BC00B33479 /* IngredientDetailView.swift in Sources */,
				BF8B690F27C4D63F0015B632 /* Recette.swift in Sources */,
				BFB78EF827C0FE9F00B33479 /* IntentAllergene.swift in Sources */,
				BFB78EDA27C0FA4200B33479 /* RestaurangularApp.swift in Sources */,
				BFB78F1527C1A47F00B33479 /* IntentIngredient.swift in Sources */,
				BFB78F0927C16A4A00B33479 /* IntentCatIngr.swift in Sources */,
				BFB78F0527C16A1700B33479 /* CatIngrVM.swift in Sources */,
				BFB78F0027C1047000B33479 /* AllergeneListVM.swift in Sources */,
			);
			runOnlyForDeploymentPostprocessing = 0;
		};
		BFB78EBB27C0FA4200B33479 /* Sources */ = {
			isa = PBXSourcesBuildPhase;
			buildActionMask = 2147483647;
			files = (
				BFB78EDD27C0FA4200B33479 /* ContentView.swift in Sources */,
				BFB78EDB27C0FA4200B33479 /* RestaurangularApp.swift in Sources */,
			);
			runOnlyForDeploymentPostprocessing = 0;
		};
		BFB78EC227C0FA4200B33479 /* Sources */ = {
			isa = PBXSourcesBuildPhase;
			buildActionMask = 2147483647;
			files = (
				BFB78ECD27C0FA4200B33479 /* Tests_iOSLaunchTests.swift in Sources */,
				BFB78ECB27C0FA4200B33479 /* Tests_iOS.swift in Sources */,
			);
			runOnlyForDeploymentPostprocessing = 0;
		};
		BFB78ECE27C0FA4200B33479 /* Sources */ = {
			isa = PBXSourcesBuildPhase;
			buildActionMask = 2147483647;
			files = (
				BFB78ED927C0FA4200B33479 /* Tests_macOSLaunchTests.swift in Sources */,
				BFB78ED727C0FA4200B33479 /* Tests_macOS.swift in Sources */,
			);
			runOnlyForDeploymentPostprocessing = 0;
		};
/* End PBXSourcesBuildPhase section */

/* Begin PBXTargetDependency section */
		BFB78EC827C0FA4200B33479 /* PBXTargetDependency */ = {
			isa = PBXTargetDependency;
			target = BFB78EB827C0FA4200B33479 /* Restaurangular (iOS) */;
			targetProxy = BFB78EC727C0FA4200B33479 /* PBXContainerItemProxy */;
		};
		BFB78ED427C0FA4200B33479 /* PBXTargetDependency */ = {
			isa = PBXTargetDependency;
			target = BFB78EBE27C0FA4200B33479 /* Restaurangular (macOS) */;
			targetProxy = BFB78ED327C0FA4200B33479 /* PBXContainerItemProxy */;
		};
/* End PBXTargetDependency section */

/* Begin XCBuildConfiguration section */
		BFB78EE027C0FA4300B33479 /* Debug */ = {
			isa = XCBuildConfiguration;
			buildSettings = {
				ALWAYS_SEARCH_USER_PATHS = NO;
				CLANG_ANALYZER_NONNULL = YES;
				CLANG_ANALYZER_NUMBER_OBJECT_CONVERSION = YES_AGGRESSIVE;
				CLANG_CXX_LANGUAGE_STANDARD = "gnu++17";
				CLANG_CXX_LIBRARY = "libc++";
				CLANG_ENABLE_MODULES = YES;
				CLANG_ENABLE_OBJC_ARC = YES;
				CLANG_ENABLE_OBJC_WEAK = YES;
				CLANG_WARN_BLOCK_CAPTURE_AUTORELEASING = YES;
				CLANG_WARN_BOOL_CONVERSION = YES;
				CLANG_WARN_COMMA = YES;
				CLANG_WARN_CONSTANT_CONVERSION = YES;
				CLANG_WARN_DEPRECATED_OBJC_IMPLEMENTATIONS = YES;
				CLANG_WARN_DIRECT_OBJC_ISA_USAGE = YES_ERROR;
				CLANG_WARN_DOCUMENTATION_COMMENTS = YES;
				CLANG_WARN_EMPTY_BODY = YES;
				CLANG_WARN_ENUM_CONVERSION = YES;
				CLANG_WARN_INFINITE_RECURSION = YES;
				CLANG_WARN_INT_CONVERSION = YES;
				CLANG_WARN_NON_LITERAL_NULL_CONVERSION = YES;
				CLANG_WARN_OBJC_IMPLICIT_RETAIN_SELF = YES;
				CLANG_WARN_OBJC_LITERAL_CONVERSION = YES;
				CLANG_WARN_OBJC_ROOT_CLASS = YES_ERROR;
				CLANG_WARN_QUOTED_INCLUDE_IN_FRAMEWORK_HEADER = YES;
				CLANG_WARN_RANGE_LOOP_ANALYSIS = YES;
				CLANG_WARN_STRICT_PROTOTYPES = YES;
				CLANG_WARN_SUSPICIOUS_MOVE = YES;
				CLANG_WARN_UNGUARDED_AVAILABILITY = YES_AGGRESSIVE;
				CLANG_WARN_UNREACHABLE_CODE = YES;
				CLANG_WARN__DUPLICATE_METHOD_MATCH = YES;
				COPY_PHASE_STRIP = NO;
				DEBUG_INFORMATION_FORMAT = dwarf;
				ENABLE_STRICT_OBJC_MSGSEND = YES;
				ENABLE_TESTABILITY = YES;
				GCC_C_LANGUAGE_STANDARD = gnu11;
				GCC_DYNAMIC_NO_PIC = NO;
				GCC_NO_COMMON_BLOCKS = YES;
				GCC_OPTIMIZATION_LEVEL = 0;
				GCC_PREPROCESSOR_DEFINITIONS = (
					"DEBUG=1",
					"$(inherited)",
				);
				GCC_WARN_64_TO_32_BIT_CONVERSION = YES;
				GCC_WARN_ABOUT_RETURN_TYPE = YES_ERROR;
				GCC_WARN_UNDECLARED_SELECTOR = YES;
				GCC_WARN_UNINITIALIZED_AUTOS = YES_AGGRESSIVE;
				GCC_WARN_UNUSED_FUNCTION = YES;
				GCC_WARN_UNUSED_VARIABLE = YES;
				MTL_ENABLE_DEBUG_INFO = INCLUDE_SOURCE;
				MTL_FAST_MATH = YES;
				ONLY_ACTIVE_ARCH = YES;
				SWIFT_ACTIVE_COMPILATION_CONDITIONS = DEBUG;
				SWIFT_OPTIMIZATION_LEVEL = "-Onone";
			};
			name = Debug;
		};
		BFB78EE127C0FA4300B33479 /* Release */ = {
			isa = XCBuildConfiguration;
			buildSettings = {
				ALWAYS_SEARCH_USER_PATHS = NO;
				CLANG_ANALYZER_NONNULL = YES;
				CLANG_ANALYZER_NUMBER_OBJECT_CONVERSION = YES_AGGRESSIVE;
				CLANG_CXX_LANGUAGE_STANDARD = "gnu++17";
				CLANG_CXX_LIBRARY = "libc++";
				CLANG_ENABLE_MODULES = YES;
				CLANG_ENABLE_OBJC_ARC = YES;
				CLANG_ENABLE_OBJC_WEAK = YES;
				CLANG_WARN_BLOCK_CAPTURE_AUTORELEASING = YES;
				CLANG_WARN_BOOL_CONVERSION = YES;
				CLANG_WARN_COMMA = YES;
				CLANG_WARN_CONSTANT_CONVERSION = YES;
				CLANG_WARN_DEPRECATED_OBJC_IMPLEMENTATIONS = YES;
				CLANG_WARN_DIRECT_OBJC_ISA_USAGE = YES_ERROR;
				CLANG_WARN_DOCUMENTATION_COMMENTS = YES;
				CLANG_WARN_EMPTY_BODY = YES;
				CLANG_WARN_ENUM_CONVERSION = YES;
				CLANG_WARN_INFINITE_RECURSION = YES;
				CLANG_WARN_INT_CONVERSION = YES;
				CLANG_WARN_NON_LITERAL_NULL_CONVERSION = YES;
				CLANG_WARN_OBJC_IMPLICIT_RETAIN_SELF = YES;
				CLANG_WARN_OBJC_LITERAL_CONVERSION = YES;
				CLANG_WARN_OBJC_ROOT_CLASS = YES_ERROR;
				CLANG_WARN_QUOTED_INCLUDE_IN_FRAMEWORK_HEADER = YES;
				CLANG_WARN_RANGE_LOOP_ANALYSIS = YES;
				CLANG_WARN_STRICT_PROTOTYPES = YES;
				CLANG_WARN_SUSPICIOUS_MOVE = YES;
				CLANG_WARN_UNGUARDED_AVAILABILITY = YES_AGGRESSIVE;
				CLANG_WARN_UNREACHABLE_CODE = YES;
				CLANG_WARN__DUPLICATE_METHOD_MATCH = YES;
				COPY_PHASE_STRIP = NO;
				DEBUG_INFORMATION_FORMAT = "dwarf-with-dsym";
				ENABLE_NS_ASSERTIONS = NO;
				ENABLE_STRICT_OBJC_MSGSEND = YES;
				GCC_C_LANGUAGE_STANDARD = gnu11;
				GCC_NO_COMMON_BLOCKS = YES;
				GCC_WARN_64_TO_32_BIT_CONVERSION = YES;
				GCC_WARN_ABOUT_RETURN_TYPE = YES_ERROR;
				GCC_WARN_UNDECLARED_SELECTOR = YES;
				GCC_WARN_UNINITIALIZED_AUTOS = YES_AGGRESSIVE;
				GCC_WARN_UNUSED_FUNCTION = YES;
				GCC_WARN_UNUSED_VARIABLE = YES;
				MTL_ENABLE_DEBUG_INFO = NO;
				MTL_FAST_MATH = YES;
				SWIFT_COMPILATION_MODE = wholemodule;
				SWIFT_OPTIMIZATION_LEVEL = "-O";
			};
			name = Release;
		};
		BFB78EE327C0FA4300B33479 /* Debug */ = {
			isa = XCBuildConfiguration;
			buildSettings = {
				ASSETCATALOG_COMPILER_APPICON_NAME = AppIcon;
				ASSETCATALOG_COMPILER_GLOBAL_ACCENT_COLOR_NAME = AccentColor;
				CODE_SIGN_STYLE = Automatic;
				CURRENT_PROJECT_VERSION = 1;
				DEVELOPMENT_TEAM = VU6ZL86KQC;
				ENABLE_PREVIEWS = YES;
				GENERATE_INFOPLIST_FILE = YES;
				INFOPLIST_KEY_UIApplicationSceneManifest_Generation = YES;
				INFOPLIST_KEY_UIApplicationSupportsIndirectInputEvents = YES;
				INFOPLIST_KEY_UILaunchScreen_Generation = YES;
				INFOPLIST_KEY_UISupportedInterfaceOrientations_iPad = "UIInterfaceOrientationPortrait UIInterfaceOrientationPortraitUpsideDown UIInterfaceOrientationLandscapeLeft UIInterfaceOrientationLandscapeRight";
				INFOPLIST_KEY_UISupportedInterfaceOrientations_iPhone = "UIInterfaceOrientationPortrait UIInterfaceOrientationLandscapeLeft UIInterfaceOrientationLandscapeRight";
				IPHONEOS_DEPLOYMENT_TARGET = 15.2;
				LD_RUNPATH_SEARCH_PATHS = (
					"$(inherited)",
					"@executable_path/Frameworks",
				);
				MARKETING_VERSION = 1.0;
				PRODUCT_BUNDLE_IDENTIFIER = cecile.Restaurangular;
				PRODUCT_NAME = Restaurangular;
				SDKROOT = iphoneos;
				SWIFT_EMIT_LOC_STRINGS = YES;
				SWIFT_VERSION = 5.0;
				TARGETED_DEVICE_FAMILY = "1,2";
			};
			name = Debug;
		};
		BFB78EE427C0FA4300B33479 /* Release */ = {
			isa = XCBuildConfiguration;
			buildSettings = {
				ASSETCATALOG_COMPILER_APPICON_NAME = AppIcon;
				ASSETCATALOG_COMPILER_GLOBAL_ACCENT_COLOR_NAME = AccentColor;
				CODE_SIGN_STYLE = Automatic;
				CURRENT_PROJECT_VERSION = 1;
				DEVELOPMENT_TEAM = VU6ZL86KQC;
				ENABLE_PREVIEWS = YES;
				GENERATE_INFOPLIST_FILE = YES;
				INFOPLIST_KEY_UIApplicationSceneManifest_Generation = YES;
				INFOPLIST_KEY_UIApplicationSupportsIndirectInputEvents = YES;
				INFOPLIST_KEY_UILaunchScreen_Generation = YES;
				INFOPLIST_KEY_UISupportedInterfaceOrientations_iPad = "UIInterfaceOrientationPortrait UIInterfaceOrientationPortraitUpsideDown UIInterfaceOrientationLandscapeLeft UIInterfaceOrientationLandscapeRight";
				INFOPLIST_KEY_UISupportedInterfaceOrientations_iPhone = "UIInterfaceOrientationPortrait UIInterfaceOrientationLandscapeLeft UIInterfaceOrientationLandscapeRight";
				IPHONEOS_DEPLOYMENT_TARGET = 15.2;
				LD_RUNPATH_SEARCH_PATHS = (
					"$(inherited)",
					"@executable_path/Frameworks",
				);
				MARKETING_VERSION = 1.0;
				PRODUCT_BUNDLE_IDENTIFIER = cecile.Restaurangular;
				PRODUCT_NAME = Restaurangular;
				SDKROOT = iphoneos;
				SWIFT_EMIT_LOC_STRINGS = YES;
				SWIFT_VERSION = 5.0;
				TARGETED_DEVICE_FAMILY = "1,2";
				VALIDATE_PRODUCT = YES;
			};
			name = Release;
		};
		BFB78EE627C0FA4300B33479 /* Debug */ = {
			isa = XCBuildConfiguration;
			buildSettings = {
				ASSETCATALOG_COMPILER_APPICON_NAME = AppIcon;
				ASSETCATALOG_COMPILER_GLOBAL_ACCENT_COLOR_NAME = AccentColor;
				CODE_SIGN_ENTITLEMENTS = macOS/macOS.entitlements;
				CODE_SIGN_STYLE = Automatic;
				COMBINE_HIDPI_IMAGES = YES;
				CURRENT_PROJECT_VERSION = 1;
				ENABLE_PREVIEWS = YES;
				GENERATE_INFOPLIST_FILE = YES;
				INFOPLIST_KEY_NSHumanReadableCopyright = "";
				LD_RUNPATH_SEARCH_PATHS = (
					"$(inherited)",
					"@executable_path/../Frameworks",
				);
				MACOSX_DEPLOYMENT_TARGET = 12.1;
				MARKETING_VERSION = 1.0;
				PRODUCT_BUNDLE_IDENTIFIER = cecile.Restaurangular;
				PRODUCT_NAME = Restaurangular;
				SDKROOT = macosx;
				SWIFT_EMIT_LOC_STRINGS = YES;
				SWIFT_VERSION = 5.0;
			};
			name = Debug;
		};
		BFB78EE727C0FA4300B33479 /* Release */ = {
			isa = XCBuildConfiguration;
			buildSettings = {
				ASSETCATALOG_COMPILER_APPICON_NAME = AppIcon;
				ASSETCATALOG_COMPILER_GLOBAL_ACCENT_COLOR_NAME = AccentColor;
				CODE_SIGN_ENTITLEMENTS = macOS/macOS.entitlements;
				CODE_SIGN_STYLE = Automatic;
				COMBINE_HIDPI_IMAGES = YES;
				CURRENT_PROJECT_VERSION = 1;
				ENABLE_PREVIEWS = YES;
				GENERATE_INFOPLIST_FILE = YES;
				INFOPLIST_KEY_NSHumanReadableCopyright = "";
				LD_RUNPATH_SEARCH_PATHS = (
					"$(inherited)",
					"@executable_path/../Frameworks",
				);
				MACOSX_DEPLOYMENT_TARGET = 12.1;
				MARKETING_VERSION = 1.0;
				PRODUCT_BUNDLE_IDENTIFIER = cecile.Restaurangular;
				PRODUCT_NAME = Restaurangular;
				SDKROOT = macosx;
				SWIFT_EMIT_LOC_STRINGS = YES;
				SWIFT_VERSION = 5.0;
			};
			name = Release;
		};
		BFB78EE927C0FA4300B33479 /* Debug */ = {
			isa = XCBuildConfiguration;
			buildSettings = {
				ALWAYS_EMBED_SWIFT_STANDARD_LIBRARIES = YES;
				CODE_SIGN_STYLE = Automatic;
				CURRENT_PROJECT_VERSION = 1;
				GENERATE_INFOPLIST_FILE = YES;
				IPHONEOS_DEPLOYMENT_TARGET = 15.2;
				MARKETING_VERSION = 1.0;
				PRODUCT_BUNDLE_IDENTIFIER = "cecile.Tests-iOS";
				PRODUCT_NAME = "$(TARGET_NAME)";
				SDKROOT = iphoneos;
				SWIFT_EMIT_LOC_STRINGS = NO;
				SWIFT_VERSION = 5.0;
				TARGETED_DEVICE_FAMILY = "1,2";
				TEST_TARGET_NAME = "Restaurangular (iOS)";
			};
			name = Debug;
		};
		BFB78EEA27C0FA4300B33479 /* Release */ = {
			isa = XCBuildConfiguration;
			buildSettings = {
				ALWAYS_EMBED_SWIFT_STANDARD_LIBRARIES = YES;
				CODE_SIGN_STYLE = Automatic;
				CURRENT_PROJECT_VERSION = 1;
				GENERATE_INFOPLIST_FILE = YES;
				IPHONEOS_DEPLOYMENT_TARGET = 15.2;
				MARKETING_VERSION = 1.0;
				PRODUCT_BUNDLE_IDENTIFIER = "cecile.Tests-iOS";
				PRODUCT_NAME = "$(TARGET_NAME)";
				SDKROOT = iphoneos;
				SWIFT_EMIT_LOC_STRINGS = NO;
				SWIFT_VERSION = 5.0;
				TARGETED_DEVICE_FAMILY = "1,2";
				TEST_TARGET_NAME = "Restaurangular (iOS)";
				VALIDATE_PRODUCT = YES;
			};
			name = Release;
		};
		BFB78EEC27C0FA4300B33479 /* Debug */ = {
			isa = XCBuildConfiguration;
			buildSettings = {
				ALWAYS_EMBED_SWIFT_STANDARD_LIBRARIES = YES;
				CODE_SIGN_STYLE = Automatic;
				CURRENT_PROJECT_VERSION = 1;
				GENERATE_INFOPLIST_FILE = YES;
				MACOSX_DEPLOYMENT_TARGET = 12.1;
				MARKETING_VERSION = 1.0;
				PRODUCT_BUNDLE_IDENTIFIER = "cecile.Tests-macOS";
				PRODUCT_NAME = "$(TARGET_NAME)";
				SDKROOT = macosx;
				SWIFT_EMIT_LOC_STRINGS = NO;
				SWIFT_VERSION = 5.0;
				TEST_TARGET_NAME = "Restaurangular (macOS)";
			};
			name = Debug;
		};
		BFB78EED27C0FA4300B33479 /* Release */ = {
			isa = XCBuildConfiguration;
			buildSettings = {
				ALWAYS_EMBED_SWIFT_STANDARD_LIBRARIES = YES;
				CODE_SIGN_STYLE = Automatic;
				CURRENT_PROJECT_VERSION = 1;
				GENERATE_INFOPLIST_FILE = YES;
				MACOSX_DEPLOYMENT_TARGET = 12.1;
				MARKETING_VERSION = 1.0;
				PRODUCT_BUNDLE_IDENTIFIER = "cecile.Tests-macOS";
				PRODUCT_NAME = "$(TARGET_NAME)";
				SDKROOT = macosx;
				SWIFT_EMIT_LOC_STRINGS = NO;
				SWIFT_VERSION = 5.0;
				TEST_TARGET_NAME = "Restaurangular (macOS)";
			};
			name = Release;
		};
/* End XCBuildConfiguration section */

/* Begin XCConfigurationList section */
		BFB78EB027C0FA3F00B33479 /* Build configuration list for PBXProject "Restaurangular" */ = {
			isa = XCConfigurationList;
			buildConfigurations = (
				BFB78EE027C0FA4300B33479 /* Debug */,
				BFB78EE127C0FA4300B33479 /* Release */,
			);
			defaultConfigurationIsVisible = 0;
			defaultConfigurationName = Release;
		};
		BFB78EE227C0FA4300B33479 /* Build configuration list for PBXNativeTarget "Restaurangular (iOS)" */ = {
			isa = XCConfigurationList;
			buildConfigurations = (
				BFB78EE327C0FA4300B33479 /* Debug */,
				BFB78EE427C0FA4300B33479 /* Release */,
			);
			defaultConfigurationIsVisible = 0;
			defaultConfigurationName = Release;
		};
		BFB78EE527C0FA4300B33479 /* Build configuration list for PBXNativeTarget "Restaurangular (macOS)" */ = {
			isa = XCConfigurationList;
			buildConfigurations = (
				BFB78EE627C0FA4300B33479 /* Debug */,
				BFB78EE727C0FA4300B33479 /* Release */,
			);
			defaultConfigurationIsVisible = 0;
			defaultConfigurationName = Release;
		};
		BFB78EE827C0FA4300B33479 /* Build configuration list for PBXNativeTarget "Tests iOS" */ = {
			isa = XCConfigurationList;
			buildConfigurations = (
				BFB78EE927C0FA4300B33479 /* Debug */,
				BFB78EEA27C0FA4300B33479 /* Release */,
			);
			defaultConfigurationIsVisible = 0;
			defaultConfigurationName = Release;
		};
		BFB78EEB27C0FA4300B33479 /* Build configuration list for PBXNativeTarget "Tests macOS" */ = {
			isa = XCConfigurationList;
			buildConfigurations = (
				BFB78EEC27C0FA4300B33479 /* Debug */,
				BFB78EED27C0FA4300B33479 /* Release */,
			);
			defaultConfigurationIsVisible = 0;
			defaultConfigurationName = Release;
		};
/* End XCConfigurationList section */
	};
	rootObject = BFB78EAD27C0FA3F00B33479 /* Project object */;
}
